Microsoft Visual Studio Solution File, Format Version 12.00
# Visual Studio Version 17
VisualStudioVersion = 17.5.2.0
MinimumVisualStudioVersion = 10.0.40219.1
Project("{2150E333-8FDC-42A3-9474-1A3956D46DE8}") = "Tests", "Tests", "{0AB3BF05-4346-4AA6-1389-037BE0695223}"
EndProject
Project("{FAE04EC0-301F-11D3-BF4B-00C04F79EFBC}") = "Excel", "Tests\Excel\Excel.csproj", "{D1E00729-6F26-E2FF-E758-48BFB093163F}"
EndProject
Global
	GlobalSection(SolutionConfigurationPlatforms) = preSolution
		Debug|Any CPU = Debug|Any CPU
		Release|Any CPU = Release|Any CPU
	EndGlobalSection
	GlobalSection(ProjectConfigurationPlatforms) = postSolution
		{D1E00729-6F26-E2FF-E758-48BFB093163F}.Debug|Any CPU.ActiveCfg = Debug|Any CPU
		{D1E00729-6F26-E2FF-E758-48BFB093163F}.Debug|Any CPU.Build.0 = Debug|Any CPU
		{D1E00729-6F26-E2FF-E758-48BFB093163F}.Release|Any CPU.ActiveCfg = Release|Any CPU
		{D1E00729-6F26-E2FF-E758-48BFB093163F}.Release|Any CPU.Build.0 = Release|Any CPU
	EndGlobalSection
	GlobalSection(SolutionProperties) = preSolution
		HideSolutionNode = FALSE
	EndGlobalSection
	GlobalSection(NestedProjects) = preSolution
		{D1E00729-6F26-E2FF-E758-48BFB093163F} = {0AB3BF05-4346-4AA6-1389-037BE0695223}
	EndGlobalSection
	GlobalSection(ExtensibilityGlobals) = postSolution
		SolutionGuid = {25E833CD-D1CF-4FE9-9DAB-C9260EDD87B2}
	EndGlobalSection
EndGlobal
